// !$*UTF8*$!
{
	archiveVersion = 1;
	classes = {
	};
	objectVersion = 50;
	objects = {

/* Begin PBXBuildFile section */
		C416095D250DECD200FA4B31 /* LWTracker.framework in Frameworks */ = {isa = PBXBuildFile; fileRef = C4160953250DECD200FA4B31 /* LWTracker.framework */; };
		C4160962250DECD200FA4B31 /* LWTrackerTests.swift in Sources */ = {isa = PBXBuildFile; fileRef = C4160961250DECD200FA4B31 /* LWTrackerTests.swift */; };
		C4160964250DECD200FA4B31 /* LWTracker.h in Headers */ = {isa = PBXBuildFile; fileRef = C4160956250DECD200FA4B31 /* LWTracker.h */; settings = {ATTRIBUTES = (Public, ); }; };
		C4BCC6B9250DEF6F00920473 /* Application.swift in Sources */ = {isa = PBXBuildFile; fileRef = C4BCC6A7250DEF6F00920473 /* Application.swift */; };
		C4BCC6BA250DEF6F00920473 /* Event.swift in Sources */ = {isa = PBXBuildFile; fileRef = C4BCC6A8250DEF6F00920473 /* Event.swift */; };
		C4BCC6BB250DEF6F00920473 /* MemoryQueue.swift in Sources */ = {isa = PBXBuildFile; fileRef = C4BCC6A9250DEF6F00920473 /* MemoryQueue.swift */; };
		C4BCC6BC250DEF6F00920473 /* CustomDimension.swift in Sources */ = {isa = PBXBuildFile; fileRef = C4BCC6AA250DEF6F00920473 /* CustomDimension.swift */; };
		C4BCC6BD250DEF6F00920473 /* LWUserDefaults.swift in Sources */ = {isa = PBXBuildFile; fileRef = C4BCC6AB250DEF6F00920473 /* LWUserDefaults.swift */; };
		C4BCC6BE250DEF6F00920473 /* Queue.swift in Sources */ = {isa = PBXBuildFile; fileRef = C4BCC6AC250DEF6F00920473 /* Queue.swift */; };
		C4BCC6BF250DEF6F00920473 /* Dispatcher.swift in Sources */ = {isa = PBXBuildFile; fileRef = C4BCC6AD250DEF6F00920473 /* Dispatcher.swift */; };
		C4BCC6C0250DEF6F00920473 /* OrderItem.swift in Sources */ = {isa = PBXBuildFile; fileRef = C4BCC6AE250DEF6F00920473 /* OrderItem.swift */; };
		C4BCC6C1250DEF6F00920473 /* Visitor.swift in Sources */ = {isa = PBXBuildFile; fileRef = C4BCC6AF250DEF6F00920473 /* Visitor.swift */; };
		C4BCC6C2250DEF6F00920473 /* URLSessionDispatcher.swift in Sources */ = {isa = PBXBuildFile; fileRef = C4BCC6B0250DEF6F00920473 /* URLSessionDispatcher.swift */; };
		C4BCC6C3250DEF6F00920473 /* EventAPISerializer.swift in Sources */ = {isa = PBXBuildFile; fileRef = C4BCC6B1250DEF6F00920473 /* EventAPISerializer.swift */; };
		C4BCC6C4250DEF6F00920473 /* MainThread.swift in Sources */ = {isa = PBXBuildFile; fileRef = C4BCC6B2250DEF6F00920473 /* MainThread.swift */; };
		C4BCC6C5250DEF6F00920473 /* LWTracker.swift in Sources */ = {isa = PBXBuildFile; fileRef = C4BCC6B3250DEF6F00920473 /* LWTracker.swift */; };
		C4BCC6C6250DEF6F00920473 /* Locale+HttpAcceptLanguage.swift in Sources */ = {isa = PBXBuildFile; fileRef = C4BCC6B4250DEF6F00920473 /* Locale+HttpAcceptLanguage.swift */; };
		C4BCC6C7250DEF6F00920473 /* Session.swift in Sources */ = {isa = PBXBuildFile; fileRef = C4BCC6B5250DEF6F00920473 /* Session.swift */; };
		C4BCC6C8250DEF6F00920473 /* Logger.swift in Sources */ = {isa = PBXBuildFile; fileRef = C4BCC6B6250DEF6F00920473 /* Logger.swift */; };
		C4BCC6C9250DEF6F00920473 /* CustomVariable.swift in Sources */ = {isa = PBXBuildFile; fileRef = C4BCC6B7250DEF6F00920473 /* CustomVariable.swift */; };
		C4BCC6CA250DEF6F00920473 /* Device.swift in Sources */ = {isa = PBXBuildFile; fileRef = C4BCC6B8250DEF6F00920473 /* Device.swift */; };
/* End PBXBuildFile section */

/* Begin PBXContainerItemProxy section */
		C416095E250DECD200FA4B31 /* PBXContainerItemProxy */ = {
			isa = PBXContainerItemProxy;
			containerPortal = C416094A250DECD200FA4B31 /* Project object */;
			proxyType = 1;
			remoteGlobalIDString = C4160952250DECD200FA4B31;
			remoteInfo = LWTracker;
		};
/* End PBXContainerItemProxy section */

/* Begin PBXFileReference section */
		C4160953250DECD200FA4B31 /* LWTracker.framework */ = {isa = PBXFileReference; explicitFileType = wrapper.framework; includeInIndex = 0; path = LWTracker.framework; sourceTree = BUILT_PRODUCTS_DIR; };
		C4160956250DECD200FA4B31 /* LWTracker.h */ = {isa = PBXFileReference; lastKnownFileType = sourcecode.c.h; path = LWTracker.h; sourceTree = "<group>"; };
		C4160957250DECD200FA4B31 /* Info.plist */ = {isa = PBXFileReference; lastKnownFileType = text.plist.xml; path = Info.plist; sourceTree = "<group>"; };
		C416095C250DECD200FA4B31 /* LWTrackerTests.xctest */ = {isa = PBXFileReference; explicitFileType = wrapper.cfbundle; includeInIndex = 0; path = LWTrackerTests.xctest; sourceTree = BUILT_PRODUCTS_DIR; };
		C4160961250DECD200FA4B31 /* LWTrackerTests.swift */ = {isa = PBXFileReference; lastKnownFileType = sourcecode.swift; path = LWTrackerTests.swift; sourceTree = "<group>"; };
		C4160963250DECD200FA4B31 /* Info.plist */ = {isa = PBXFileReference; lastKnownFileType = text.plist.xml; path = Info.plist; sourceTree = "<group>"; };
		C4BCC6A7250DEF6F00920473 /* Application.swift */ = {isa = PBXFileReference; fileEncoding = 4; lastKnownFileType = sourcecode.swift; path = Application.swift; sourceTree = "<group>"; };
		C4BCC6A8250DEF6F00920473 /* Event.swift */ = {isa = PBXFileReference; fileEncoding = 4; lastKnownFileType = sourcecode.swift; path = Event.swift; sourceTree = "<group>"; };
		C4BCC6A9250DEF6F00920473 /* MemoryQueue.swift */ = {isa = PBXFileReference; fileEncoding = 4; lastKnownFileType = sourcecode.swift; path = MemoryQueue.swift; sourceTree = "<group>"; };
		C4BCC6AA250DEF6F00920473 /* CustomDimension.swift */ = {isa = PBXFileReference; fileEncoding = 4; lastKnownFileType = sourcecode.swift; path = CustomDimension.swift; sourceTree = "<group>"; };
		C4BCC6AB250DEF6F00920473 /* LWUserDefaults.swift */ = {isa = PBXFileReference; fileEncoding = 4; lastKnownFileType = sourcecode.swift; path = LWUserDefaults.swift; sourceTree = "<group>"; };
		C4BCC6AC250DEF6F00920473 /* Queue.swift */ = {isa = PBXFileReference; fileEncoding = 4; lastKnownFileType = sourcecode.swift; path = Queue.swift; sourceTree = "<group>"; };
		C4BCC6AD250DEF6F00920473 /* Dispatcher.swift */ = {isa = PBXFileReference; fileEncoding = 4; lastKnownFileType = sourcecode.swift; path = Dispatcher.swift; sourceTree = "<group>"; };
		C4BCC6AE250DEF6F00920473 /* OrderItem.swift */ = {isa = PBXFileReference; fileEncoding = 4; lastKnownFileType = sourcecode.swift; path = OrderItem.swift; sourceTree = "<group>"; };
		C4BCC6AF250DEF6F00920473 /* Visitor.swift */ = {isa = PBXFileReference; fileEncoding = 4; lastKnownFileType = sourcecode.swift; path = Visitor.swift; sourceTree = "<group>"; };
		C4BCC6B0250DEF6F00920473 /* URLSessionDispatcher.swift */ = {isa = PBXFileReference; fileEncoding = 4; lastKnownFileType = sourcecode.swift; path = URLSessionDispatcher.swift; sourceTree = "<group>"; };
		C4BCC6B1250DEF6F00920473 /* EventAPISerializer.swift */ = {isa = PBXFileReference; fileEncoding = 4; lastKnownFileType = sourcecode.swift; path = EventAPISerializer.swift; sourceTree = "<group>"; };
		C4BCC6B2250DEF6F00920473 /* MainThread.swift */ = {isa = PBXFileReference; fileEncoding = 4; lastKnownFileType = sourcecode.swift; path = MainThread.swift; sourceTree = "<group>"; };
		C4BCC6B3250DEF6F00920473 /* LWTracker.swift */ = {isa = PBXFileReference; fileEncoding = 4; lastKnownFileType = sourcecode.swift; path = LWTracker.swift; sourceTree = "<group>"; };
		C4BCC6B4250DEF6F00920473 /* Locale+HttpAcceptLanguage.swift */ = {isa = PBXFileReference; fileEncoding = 4; lastKnownFileType = sourcecode.swift; path = "Locale+HttpAcceptLanguage.swift"; sourceTree = "<group>"; };
		C4BCC6B5250DEF6F00920473 /* Session.swift */ = {isa = PBXFileReference; fileEncoding = 4; lastKnownFileType = sourcecode.swift; path = Session.swift; sourceTree = "<group>"; };
		C4BCC6B6250DEF6F00920473 /* Logger.swift */ = {isa = PBXFileReference; fileEncoding = 4; lastKnownFileType = sourcecode.swift; path = Logger.swift; sourceTree = "<group>"; };
		C4BCC6B7250DEF6F00920473 /* CustomVariable.swift */ = {isa = PBXFileReference; fileEncoding = 4; lastKnownFileType = sourcecode.swift; path = CustomVariable.swift; sourceTree = "<group>"; };
		C4BCC6B8250DEF6F00920473 /* Device.swift */ = {isa = PBXFileReference; fileEncoding = 4; lastKnownFileType = sourcecode.swift; path = Device.swift; sourceTree = "<group>"; };
/* End PBXFileReference section */

/* Begin PBXFrameworksBuildPhase section */
		C4160950250DECD200FA4B31 /* Frameworks */ = {
			isa = PBXFrameworksBuildPhase;
			buildActionMask = 2147483647;
			files = (
			);
			runOnlyForDeploymentPostprocessing = 0;
		};
		C4160959250DECD200FA4B31 /* Frameworks */ = {
			isa = PBXFrameworksBuildPhase;
			buildActionMask = 2147483647;
			files = (
				C416095D250DECD200FA4B31 /* LWTracker.framework in Frameworks */,
			);
			runOnlyForDeploymentPostprocessing = 0;
		};
/* End PBXFrameworksBuildPhase section */

/* Begin PBXGroup section */
		C4160949250DECD200FA4B31 = {
			isa = PBXGroup;
			children = (
				C4160955250DECD200FA4B31 /* LWTracker */,
				C4160960250DECD200FA4B31 /* LWTrackerTests */,
				C4160954250DECD200FA4B31 /* Products */,
			);
			sourceTree = "<group>";
		};
		C4160954250DECD200FA4B31 /* Products */ = {
			isa = PBXGroup;
			children = (
				C4160953250DECD200FA4B31 /* LWTracker.framework */,
				C416095C250DECD200FA4B31 /* LWTrackerTests.xctest */,
			);
			name = Products;
			sourceTree = "<group>";
		};
		C4160955250DECD200FA4B31 /* LWTracker */ = {
			isa = PBXGroup;
			children = (
				C4BCC6A7250DEF6F00920473 /* Application.swift */,
				C4BCC6AA250DEF6F00920473 /* CustomDimension.swift */,
				C4BCC6B7250DEF6F00920473 /* CustomVariable.swift */,
				C4BCC6B8250DEF6F00920473 /* Device.swift */,
				C4BCC6AD250DEF6F00920473 /* Dispatcher.swift */,
				C4BCC6A8250DEF6F00920473 /* Event.swift */,
				C4BCC6B1250DEF6F00920473 /* EventAPISerializer.swift */,
				C4BCC6B4250DEF6F00920473 /* Locale+HttpAcceptLanguage.swift */,
				C4BCC6B6250DEF6F00920473 /* Logger.swift */,
				C4BCC6B3250DEF6F00920473 /* LWTracker.swift */,
				C4BCC6AB250DEF6F00920473 /* LWUserDefaults.swift */,
				C4BCC6B2250DEF6F00920473 /* MainThread.swift */,
				C4BCC6A9250DEF6F00920473 /* MemoryQueue.swift */,
				C4BCC6AE250DEF6F00920473 /* OrderItem.swift */,
				C4BCC6AC250DEF6F00920473 /* Queue.swift */,
				C4BCC6B5250DEF6F00920473 /* Session.swift */,
				C4BCC6B0250DEF6F00920473 /* URLSessionDispatcher.swift */,
				C4BCC6AF250DEF6F00920473 /* Visitor.swift */,
				C4160956250DECD200FA4B31 /* LWTracker.h */,
				C4160957250DECD200FA4B31 /* Info.plist */,
			);
			path = LWTracker;
			sourceTree = "<group>";
		};
		C4160960250DECD200FA4B31 /* LWTrackerTests */ = {
			isa = PBXGroup;
			children = (
				C4160961250DECD200FA4B31 /* LWTrackerTests.swift */,
				C4160963250DECD200FA4B31 /* Info.plist */,
			);
			path = LWTrackerTests;
			sourceTree = "<group>";
		};
/* End PBXGroup section */

/* Begin PBXHeadersBuildPhase section */
		C416094E250DECD200FA4B31 /* Headers */ = {
			isa = PBXHeadersBuildPhase;
			buildActionMask = 2147483647;
			files = (
				C4160964250DECD200FA4B31 /* LWTracker.h in Headers */,
			);
			runOnlyForDeploymentPostprocessing = 0;
		};
/* End PBXHeadersBuildPhase section */

/* Begin PBXNativeTarget section */
		C4160952250DECD200FA4B31 /* LWTracker */ = {
			isa = PBXNativeTarget;
			buildConfigurationList = C4160967250DECD200FA4B31 /* Build configuration list for PBXNativeTarget "LWTracker" */;
			buildPhases = (
				C416094E250DECD200FA4B31 /* Headers */,
				C416094F250DECD200FA4B31 /* Sources */,
				C4160950250DECD200FA4B31 /* Frameworks */,
				C4160951250DECD200FA4B31 /* Resources */,
			);
			buildRules = (
			);
			dependencies = (
			);
			name = LWTracker;
			productName = LWTracker;
			productReference = C4160953250DECD200FA4B31 /* LWTracker.framework */;
			productType = "com.apple.product-type.framework";
		};
		C416095B250DECD200FA4B31 /* LWTrackerTests */ = {
			isa = PBXNativeTarget;
			buildConfigurationList = C416096A250DECD200FA4B31 /* Build configuration list for PBXNativeTarget "LWTrackerTests" */;
			buildPhases = (
				C4160958250DECD200FA4B31 /* Sources */,
				C4160959250DECD200FA4B31 /* Frameworks */,
				C416095A250DECD200FA4B31 /* Resources */,
			);
			buildRules = (
			);
			dependencies = (
				C416095F250DECD200FA4B31 /* PBXTargetDependency */,
			);
			name = LWTrackerTests;
			productName = LWTrackerTests;
			productReference = C416095C250DECD200FA4B31 /* LWTrackerTests.xctest */;
			productType = "com.apple.product-type.bundle.unit-test";
		};
/* End PBXNativeTarget section */

/* Begin PBXProject section */
		C416094A250DECD200FA4B31 /* Project object */ = {
			isa = PBXProject;
			attributes = {
				LastSwiftUpdateCheck = 1170;
				LastUpgradeCheck = 1170;
				ORGANIZATIONNAME = LadderWinner;
				TargetAttributes = {
					C4160952250DECD200FA4B31 = {
						CreatedOnToolsVersion = 11.7;
						LastSwiftMigration = 1170;
					};
					C416095B250DECD200FA4B31 = {
						CreatedOnToolsVersion = 11.7;
					};
				};
			};
			buildConfigurationList = C416094D250DECD200FA4B31 /* Build configuration list for PBXProject "LWTracker" */;
			compatibilityVersion = "Xcode 9.3";
			developmentRegion = en;
			hasScannedForEncodings = 0;
			knownRegions = (
				en,
				Base,
			);
			mainGroup = C4160949250DECD200FA4B31;
			productRefGroup = C4160954250DECD200FA4B31 /* Products */;
			projectDirPath = "";
			projectRoot = "";
			targets = (
				C4160952250DECD200FA4B31 /* LWTracker */,
				C416095B250DECD200FA4B31 /* LWTrackerTests */,
			);
		};
/* End PBXProject section */

/* Begin PBXResourcesBuildPhase section */
		C4160951250DECD200FA4B31 /* Resources */ = {
			isa = PBXResourcesBuildPhase;
			buildActionMask = 2147483647;
			files = (
			);
			runOnlyForDeploymentPostprocessing = 0;
		};
		C416095A250DECD200FA4B31 /* Resources */ = {
			isa = PBXResourcesBuildPhase;
			buildActionMask = 2147483647;
			files = (
			);
			runOnlyForDeploymentPostprocessing = 0;
		};
/* End PBXResourcesBuildPhase section */

/* Begin PBXSourcesBuildPhase section */
		C416094F250DECD200FA4B31 /* Sources */ = {
			isa = PBXSourcesBuildPhase;
			buildActionMask = 2147483647;
			files = (
				C4BCC6BA250DEF6F00920473 /* Event.swift in Sources */,
				C4BCC6C3250DEF6F00920473 /* EventAPISerializer.swift in Sources */,
				C4BCC6C2250DEF6F00920473 /* URLSessionDispatcher.swift in Sources */,
				C4BCC6CA250DEF6F00920473 /* Device.swift in Sources */,
				C4BCC6BE250DEF6F00920473 /* Queue.swift in Sources */,
				C4BCC6C4250DEF6F00920473 /* MainThread.swift in Sources */,
				C4BCC6C7250DEF6F00920473 /* Session.swift in Sources */,
				C4BCC6BD250DEF6F00920473 /* LWUserDefaults.swift in Sources */,
				C4BCC6C8250DEF6F00920473 /* Logger.swift in Sources */,
				C4BCC6BC250DEF6F00920473 /* CustomDimension.swift in Sources */,
				C4BCC6C9250DEF6F00920473 /* CustomVariable.swift in Sources */,
				C4BCC6BF250DEF6F00920473 /* Dispatcher.swift in Sources */,
				C4BCC6C0250DEF6F00920473 /* OrderItem.swift in Sources */,
				C4BCC6B9250DEF6F00920473 /* Application.swift in Sources */,
				C4BCC6C1250DEF6F00920473 /* Visitor.swift in Sources */,
				C4BCC6C6250DEF6F00920473 /* Locale+HttpAcceptLanguage.swift in Sources */,
				C4BCC6C5250DEF6F00920473 /* LWTracker.swift in Sources */,
				C4BCC6BB250DEF6F00920473 /* MemoryQueue.swift in Sources */,
			);
			runOnlyForDeploymentPostprocessing = 0;
		};
		C4160958250DECD200FA4B31 /* Sources */ = {
			isa = PBXSourcesBuildPhase;
			buildActionMask = 2147483647;
			files = (
				C4160962250DECD200FA4B31 /* LWTrackerTests.swift in Sources */,
			);
			runOnlyForDeploymentPostprocessing = 0;
		};
/* End PBXSourcesBuildPhase section */

/* Begin PBXTargetDependency section */
		C416095F250DECD200FA4B31 /* PBXTargetDependency */ = {
			isa = PBXTargetDependency;
			target = C4160952250DECD200FA4B31 /* LWTracker */;
			targetProxy = C416095E250DECD200FA4B31 /* PBXContainerItemProxy */;
		};
/* End PBXTargetDependency section */

/* Begin XCBuildConfiguration section */
		C4160965250DECD200FA4B31 /* Debug */ = {
			isa = XCBuildConfiguration;
			buildSettings = {
				ALWAYS_SEARCH_USER_PATHS = NO;
				CLANG_ANALYZER_NONNULL = YES;
				CLANG_ANALYZER_NUMBER_OBJECT_CONVERSION = YES_AGGRESSIVE;
				CLANG_CXX_LANGUAGE_STANDARD = "gnu++14";
				CLANG_CXX_LIBRARY = "libc++";
				CLANG_ENABLE_MODULES = YES;
				CLANG_ENABLE_OBJC_ARC = YES;
				CLANG_ENABLE_OBJC_WEAK = YES;
				CLANG_WARN_BLOCK_CAPTURE_AUTORELEASING = YES;
				CLANG_WARN_BOOL_CONVERSION = YES;
				CLANG_WARN_COMMA = YES;
				CLANG_WARN_CONSTANT_CONVERSION = YES;
				CLANG_WARN_DEPRECATED_OBJC_IMPLEMENTATIONS = YES;
				CLANG_WARN_DIRECT_OBJC_ISA_USAGE = YES_ERROR;
				CLANG_WARN_DOCUMENTATION_COMMENTS = YES;
				CLANG_WARN_EMPTY_BODY = YES;
				CLANG_WARN_ENUM_CONVERSION = YES;
				CLANG_WARN_INFINITE_RECURSION = YES;
				CLANG_WARN_INT_CONVERSION = YES;
				CLANG_WARN_NON_LITERAL_NULL_CONVERSION = YES;
				CLANG_WARN_OBJC_IMPLICIT_RETAIN_SELF = YES;
				CLANG_WARN_OBJC_LITERAL_CONVERSION = YES;
				CLANG_WARN_OBJC_ROOT_CLASS = YES_ERROR;
				CLANG_WARN_RANGE_LOOP_ANALYSIS = YES;
				CLANG_WARN_STRICT_PROTOTYPES = YES;
				CLANG_WARN_SUSPICIOUS_MOVE = YES;
				CLANG_WARN_UNGUARDED_AVAILABILITY = YES_AGGRESSIVE;
				CLANG_WARN_UNREACHABLE_CODE = YES;
				CLANG_WARN__DUPLICATE_METHOD_MATCH = YES;
				COPY_PHASE_STRIP = NO;
				CURRENT_PROJECT_VERSION = 1;
				DEBUG_INFORMATION_FORMAT = dwarf;
				ENABLE_STRICT_OBJC_MSGSEND = YES;
				ENABLE_TESTABILITY = YES;
				GCC_C_LANGUAGE_STANDARD = gnu11;
				GCC_DYNAMIC_NO_PIC = NO;
				GCC_NO_COMMON_BLOCKS = YES;
				GCC_OPTIMIZATION_LEVEL = 0;
				GCC_PREPROCESSOR_DEFINITIONS = (
					"DEBUG=1",
					"$(inherited)",
				);
				GCC_WARN_64_TO_32_BIT_CONVERSION = YES;
				GCC_WARN_ABOUT_RETURN_TYPE = YES_ERROR;
				GCC_WARN_UNDECLARED_SELECTOR = YES;
				GCC_WARN_UNINITIALIZED_AUTOS = YES_AGGRESSIVE;
				GCC_WARN_UNUSED_FUNCTION = YES;
				GCC_WARN_UNUSED_VARIABLE = YES;
				IPHONEOS_DEPLOYMENT_TARGET = 13.7;
				MTL_ENABLE_DEBUG_INFO = INCLUDE_SOURCE;
				MTL_FAST_MATH = YES;
				ONLY_ACTIVE_ARCH = YES;
				SDKROOT = iphoneos;
				SWIFT_ACTIVE_COMPILATION_CONDITIONS = DEBUG;
				SWIFT_OPTIMIZATION_LEVEL = "-Onone";
				VERSIONING_SYSTEM = "apple-generic";
				VERSION_INFO_PREFIX = "";
			};
			name = Debug;
		};
		C4160966250DECD200FA4B31 /* Release */ = {
			isa = XCBuildConfiguration;
			buildSettings = {
				ALWAYS_SEARCH_USER_PATHS = NO;
				CLANG_ANALYZER_NONNULL = YES;
				CLANG_ANALYZER_NUMBER_OBJECT_CONVERSION = YES_AGGRESSIVE;
				CLANG_CXX_LANGUAGE_STANDARD = "gnu++14";
				CLANG_CXX_LIBRARY = "libc++";
				CLANG_ENABLE_MODULES = YES;
				CLANG_ENABLE_OBJC_ARC = YES;
				CLANG_ENABLE_OBJC_WEAK = YES;
				CLANG_WARN_BLOCK_CAPTURE_AUTORELEASING = YES;
				CLANG_WARN_BOOL_CONVERSION = YES;
				CLANG_WARN_COMMA = YES;
				CLANG_WARN_CONSTANT_CONVERSION = YES;
				CLANG_WARN_DEPRECATED_OBJC_IMPLEMENTATIONS = YES;
				CLANG_WARN_DIRECT_OBJC_ISA_USAGE = YES_ERROR;
				CLANG_WARN_DOCUMENTATION_COMMENTS = YES;
				CLANG_WARN_EMPTY_BODY = YES;
				CLANG_WARN_ENUM_CONVERSION = YES;
				CLANG_WARN_INFINITE_RECURSION = YES;
				CLANG_WARN_INT_CONVERSION = YES;
				CLANG_WARN_NON_LITERAL_NULL_CONVERSION = YES;
				CLANG_WARN_OBJC_IMPLICIT_RETAIN_SELF = YES;
				CLANG_WARN_OBJC_LITERAL_CONVERSION = YES;
				CLANG_WARN_OBJC_ROOT_CLASS = YES_ERROR;
				CLANG_WARN_RANGE_LOOP_ANALYSIS = YES;
				CLANG_WARN_STRICT_PROTOTYPES = YES;
				CLANG_WARN_SUSPICIOUS_MOVE = YES;
				CLANG_WARN_UNGUARDED_AVAILABILITY = YES_AGGRESSIVE;
				CLANG_WARN_UNREACHABLE_CODE = YES;
				CLANG_WARN__DUPLICATE_METHOD_MATCH = YES;
				COPY_PHASE_STRIP = NO;
				CURRENT_PROJECT_VERSION = 1;
				DEBUG_INFORMATION_FORMAT = "dwarf-with-dsym";
				ENABLE_NS_ASSERTIONS = NO;
				ENABLE_STRICT_OBJC_MSGSEND = YES;
				GCC_C_LANGUAGE_STANDARD = gnu11;
				GCC_NO_COMMON_BLOCKS = YES;
				GCC_WARN_64_TO_32_BIT_CONVERSION = YES;
				GCC_WARN_ABOUT_RETURN_TYPE = YES_ERROR;
				GCC_WARN_UNDECLARED_SELECTOR = YES;
				GCC_WARN_UNINITIALIZED_AUTOS = YES_AGGRESSIVE;
				GCC_WARN_UNUSED_FUNCTION = YES;
				GCC_WARN_UNUSED_VARIABLE = YES;
				IPHONEOS_DEPLOYMENT_TARGET = 13.7;
				MTL_ENABLE_DEBUG_INFO = NO;
				MTL_FAST_MATH = YES;
				SDKROOT = iphoneos;
				SWIFT_COMPILATION_MODE = wholemodule;
				SWIFT_OPTIMIZATION_LEVEL = "-O";
				VALIDATE_PRODUCT = YES;
				VERSIONING_SYSTEM = "apple-generic";
				VERSION_INFO_PREFIX = "";
			};
			name = Release;
		};
		C4160968250DECD200FA4B31 /* Debug */ = {
			isa = XCBuildConfiguration;
			buildSettings = {
				CLANG_ENABLE_MODULES = YES;
				CODE_SIGN_STYLE = Automatic;
				DEFINES_MODULE = YES;
				DYLIB_COMPATIBILITY_VERSION = 1;
				DYLIB_CURRENT_VERSION = 1;
				DYLIB_INSTALL_NAME_BASE = "@rpath";
				INFOPLIST_FILE = LWTracker/Info.plist;
				INSTALL_PATH = "$(LOCAL_LIBRARY_DIR)/Frameworks";
				LD_RUNPATH_SEARCH_PATHS = (
					"$(inherited)",
					"@executable_path/Frameworks",
					"@loader_path/Frameworks",
				);
				PRODUCT_BUNDLE_IDENTIFIER = com.ladderwinner.LWTracker;
				PRODUCT_NAME = "$(TARGET_NAME:c99extidentifier)";
				SKIP_INSTALL = YES;
				SWIFT_OPTIMIZATION_LEVEL = "-Onone";
				SWIFT_VERSION = 5.0;
				TARGETED_DEVICE_FAMILY = "1,2";
			};
			name = Debug;
		};
		C4160969250DECD200FA4B31 /* Release */ = {
			isa = XCBuildConfiguration;
			buildSettings = {
				CLANG_ENABLE_MODULES = YES;
				CODE_SIGN_STYLE = Automatic;
				DEFINES_MODULE = YES;
				DYLIB_COMPATIBILITY_VERSION = 1;
				DYLIB_CURRENT_VERSION = 1;
				DYLIB_INSTALL_NAME_BASE = "@rpath";
				INFOPLIST_FILE = LWTracker/Info.plist;
				INSTALL_PATH = "$(LOCAL_LIBRARY_DIR)/Frameworks";
				LD_RUNPATH_SEARCH_PATHS = (
					"$(inherited)",
					"@executable_path/Frameworks",
					"@loader_path/Frameworks",
				);
				PRODUCT_BUNDLE_IDENTIFIER = com.ladderwinner.LWTracker;
				PRODUCT_NAME = "$(TARGET_NAME:c99extidentifier)";
				SKIP_INSTALL = YES;
				SWIFT_VERSION = 5.0;
				TARGETED_DEVICE_FAMILY = "1,2";
			};
			name = Release;
		};
		C416096B250DECD200FA4B31 /* Debug */ = {
			isa = XCBuildConfiguration;
			buildSettings = {
				ALWAYS_EMBED_SWIFT_STANDARD_LIBRARIES = YES;
				CODE_SIGN_STYLE = Automatic;
				INFOPLIST_FILE = LWTrackerTests/Info.plist;
				LD_RUNPATH_SEARCH_PATHS = (
					"$(inherited)",
					"@executable_path/Frameworks",
					"@loader_path/Frameworks",
				);
				PRODUCT_BUNDLE_IDENTIFIER = com.ladderwinner.LWTrackerTests;
				PRODUCT_NAME = "$(TARGET_NAME)";
				SWIFT_VERSION = 5.0;
				TARGETED_DEVICE_FAMILY = "1,2";
			};
			name = Debug;
		};
		C416096C250DECD200FA4B31 /* Release */ = {
			isa = XCBuildConfiguration;
			buildSettings = {
				ALWAYS_EMBED_SWIFT_STANDARD_LIBRARIES = YES;
				CODE_SIGN_STYLE = Automatic;
				INFOPLIST_FILE = LWTrackerTests/Info.plist;
				LD_RUNPATH_SEARCH_PATHS = (
					"$(inherited)",
					"@executable_path/Frameworks",
					"@loader_path/Frameworks",
				);
				PRODUCT_BUNDLE_IDENTIFIER = com.ladderwinner.LWTrackerTests;
				PRODUCT_NAME = "$(TARGET_NAME)";
				SWIFT_VERSION = 5.0;
				TARGETED_DEVICE_FAMILY = "1,2";
			};
			name = Release;
		};
/* End XCBuildConfiguration section */

/* Begin XCConfigurationList section */
		C416094D250DECD200FA4B31 /* Build configuration list for PBXProject "LWTracker" */ = {
			isa = XCConfigurationList;
			buildConfigurations = (
				C4160965250DECD200FA4B31 /* Debug */,
				C4160966250DECD200FA4B31 /* Release */,
			);
			defaultConfigurationIsVisible = 0;
			defaultConfigurationName = Release;
		};
		C4160967250DECD200FA4B31 /* Build configuration list for PBXNativeTarget "LWTracker" */ = {
			isa = XCConfigurationList;
			buildConfigurations = (
				C4160968250DECD200FA4B31 /* Debug */,
				C4160969250DECD200FA4B31 /* Release */,
			);
			defaultConfigurationIsVisible = 0;
			defaultConfigurationName = Release;
		};
		C416096A250DECD200FA4B31 /* Build configuration list for PBXNativeTarget "LWTrackerTests" */ = {
			isa = XCConfigurationList;
			buildConfigurations = (
				C416096B250DECD200FA4B31 /* Debug */,
				C416096C250DECD200FA4B31 /* Release */,
			);
			defaultConfigurationIsVisible = 0;
			defaultConfigurationName = Release;
		};
/* End XCConfigurationList section */
	};
	rootObject = C416094A250DECD200FA4B31 /* Project object */;
}
